
Microsoft Visual Studio Solution File, Format Version 12.00
# Visual Studio Version 17
VisualStudioVersion = 17.5.002.0
MinimumVisualStudioVersion = 10.0.40219.1
Project("{9A19103F-16F7-4668-BE54-9A1E7A4F7556}") = "SchoolConsole", "SchoolConsole\SchoolConsole.csproj", "{573F5250-951B-4D81-B598-C64185244D70}"
EndProject
Project("{9A19103F-16F7-4668-BE54-9A1E7A4F7556}") = "SchoolTests", "SchoolTests\SchoolTests.csproj", "{12013EB4-5CAC-4D8D-91D5-8040E5F5420E}"
EndProject
Project("{9A19103F-16F7-4668-BE54-9A1E7A4F7556}") = "SchoolData", "SchoolData\SchoolData.csproj", "{004AC9A6-FE83-4531-BF06-FFCBEDB86BFC}"
EndProject
Project("{9A19103F-16F7-4668-BE54-9A1E7A4F7556}") = "SchoolAPI", "SchoolAPI\SchoolAPI.csproj", "{035C3AC3-FCF2-43B4-9E52-A0A8CB6E70B9}"
EndProject
Project("{9A19103F-16F7-4668-BE54-9A1E7A4F7556}") = "SchoolDomain", "SchoolDomain\SchoolDomain.csproj", "{F25DAEC4-972B-4341-8BF5-637B775FD82B}"
EndProject
Global
	GlobalSection(SolutionConfigurationPlatforms) = preSolution
		Debug|Any CPU = Debug|Any CPU
		Release|Any CPU = Release|Any CPU
	EndGlobalSection
	GlobalSection(ProjectConfigurationPlatforms) = postSolution
		{573F5250-951B-4D81-B598-C64185244D70}.Debug|Any CPU.ActiveCfg = Debug|Any CPU
		{573F5250-951B-4D81-B598-C64185244D70}.Debug|Any CPU.Build.0 = Debug|Any CPU
		{573F5250-951B-4D81-B598-C64185244D70}.Release|Any CPU.ActiveCfg = Release|Any CPU
		{573F5250-951B-4D81-B598-C64185244D70}.Release|Any CPU.Build.0 = Release|Any CPU
		{12013EB4-5CAC-4D8D-91D5-8040E5F5420E}.Debug|Any CPU.ActiveCfg = Debug|Any CPU
		{12013EB4-5CAC-4D8D-91D5-8040E5F5420E}.Debug|Any CPU.Build.0 = Debug|Any CPU
		{12013EB4-5CAC-4D8D-91D5-8040E5F5420E}.Release|Any CPU.ActiveCfg = Release|Any CPU
		{12013EB4-5CAC-4D8D-91D5-8040E5F5420E}.Release|Any CPU.Build.0 = Release|Any CPU
		{004AC9A6-FE83-4531-BF06-FFCBEDB86BFC}.Debug|Any CPU.ActiveCfg = Debug|Any CPU
		{004AC9A6-FE83-4531-BF06-FFCBEDB86BFC}.Debug|Any CPU.Build.0 = Debug|Any CPU
		{004AC9A6-FE83-4531-BF06-FFCBEDB86BFC}.Release|Any CPU.ActiveCfg = Release|Any CPU
		{004AC9A6-FE83-4531-BF06-FFCBEDB86BFC}.Release|Any CPU.Build.0 = Release|Any CPU
		{035C3AC3-FCF2-43B4-9E52-A0A8CB6E70B9}.Debug|Any CPU.ActiveCfg = Debug|Any CPU
		{035C3AC3-FCF2-43B4-9E52-A0A8CB6E70B9}.Debug|Any CPU.Build.0 = Debug|Any CPU
		{035C3AC3-FCF2-43B4-9E52-A0A8CB6E70B9}.Release|Any CPU.ActiveCfg = Release|Any CPU
		{035C3AC3-FCF2-43B4-9E52-A0A8CB6E70B9}.Release|Any CPU.Build.0 = Release|Any CPU
		{F25DAEC4-972B-4341-8BF5-637B775FD82B}.Debug|Any CPU.ActiveCfg = Debug|Any CPU
		{F25DAEC4-972B-4341-8BF5-637B775FD82B}.Debug|Any CPU.Build.0 = Debug|Any CPU
		{F25DAEC4-972B-4341-8BF5-637B775FD82B}.Release|Any CPU.ActiveCfg = Release|Any CPU
		{F25DAEC4-972B-4341-8BF5-637B775FD82B}.Release|Any CPU.Build.0 = Release|Any CPU
	EndGlobalSection
	GlobalSection(SolutionProperties) = preSolution
		HideSolutionNode = FALSE
	EndGlobalSection
	GlobalSection(ExtensibilityGlobals) = postSolution
		SolutionGuid = {B3A854EA-2CB4-4306-965A-594BBAC03C98}
	EndGlobalSection
EndGlobal
